
Microsoft Visual Studio Solution File, Format Version 12.00
# Visual Studio Version 17
VisualStudioVersion = 17.1.32113.165
MinimumVisualStudioVersion = 10.0.40219.1
Project("{2150E333-8FDC-42A3-9474-1A3956D46DE8}") = "Solution Items", "Solution Items", "{D8379323-66C4-444A-B56B-19ED968A2104}"
	ProjectSection(SolutionItems) = preProject
		README.md = README.md
	EndProjectSection
EndProject
Project("{FAE04EC0-301F-11D3-BF4B-00C04F79EFBC}") = "FastestWaysInCSharp", "FastestWaysInCSharp\FastestWaysInCSharp.csproj", "{1F405D00-824A-454E-B610-CE8F78AFB2D8}"
EndProject
Project("{FAE04EC0-301F-11D3-BF4B-00C04F79EFBC}") = "FastestWaysInCSharp.Benchmarks", "FastestWaysInCSharp.Benchmarks\FastestWaysInCSharp.Benchmarks.csproj", "{0C6B1389-AD0B-4B51-955E-DBFAD62E15F4}"
EndProject
Project("{FAE04EC0-301F-11D3-BF4B-00C04F79EFBC}") = "FastestWaysInCSharp.Tests", "FastestWaysInCSharp.Tests\FastestWaysInCSharp.Tests.csproj", "{A27BAFCC-3E7D-4938-9F0A-F23D9A2F3B7C}"
EndProject
Global
	GlobalSection(SolutionConfigurationPlatforms) = preSolution
		Debug|Any CPU = Debug|Any CPU
		Release|Any CPU = Release|Any CPU
	EndGlobalSection
	GlobalSection(ProjectConfigurationPlatforms) = postSolution
		{1F405D00-824A-454E-B610-CE8F78AFB2D8}.Debug|Any CPU.ActiveCfg = Debug|Any CPU
		{1F405D00-824A-454E-B610-CE8F78AFB2D8}.Debug|Any CPU.Build.0 = Debug|Any CPU
		{1F405D00-824A-454E-B610-CE8F78AFB2D8}.Release|Any CPU.ActiveCfg = Release|Any CPU
		{1F405D00-824A-454E-B610-CE8F78AFB2D8}.Release|Any CPU.Build.0 = Release|Any CPU
		{0C6B1389-AD0B-4B51-955E-DBFAD62E15F4}.Debug|Any CPU.ActiveCfg = Debug|Any CPU
		{0C6B1389-AD0B-4B51-955E-DBFAD62E15F4}.Debug|Any CPU.Build.0 = Debug|Any CPU
		{0C6B1389-AD0B-4B51-955E-DBFAD62E15F4}.Release|Any CPU.ActiveCfg = Release|Any CPU
		{0C6B1389-AD0B-4B51-955E-DBFAD62E15F4}.Release|Any CPU.Build.0 = Release|Any CPU
		{A27BAFCC-3E7D-4938-9F0A-F23D9A2F3B7C}.Debug|Any CPU.ActiveCfg = Debug|Any CPU
		{A27BAFCC-3E7D-4938-9F0A-F23D9A2F3B7C}.Debug|Any CPU.Build.0 = Debug|Any CPU
		{A27BAFCC-3E7D-4938-9F0A-F23D9A2F3B7C}.Release|Any CPU.ActiveCfg = Release|Any CPU
		{A27BAFCC-3E7D-4938-9F0A-F23D9A2F3B7C}.Release|Any CPU.Build.0 = Release|Any CPU
	EndGlobalSection
	GlobalSection(SolutionProperties) = preSolution
		HideSolutionNode = FALSE
	EndGlobalSection
	GlobalSection(ExtensibilityGlobals) = postSolution
		SolutionGuid = {D1FDE408-2F92-49A7-9BED-4D5AC846561C}
	EndGlobalSection
EndGlobal
